
Microsoft Visual Studio Solution File, Format Version 12.00
# Visual Studio 15
VisualStudioVersion = 15.0.27703.2026
MinimumVisualStudioVersion = 10.0.40219.1
Project("{FAE04EC0-301F-11D3-BF4B-00C04F79EFBC}") = "Day5", "Day5\Day5.csproj", "{B688CAA7-C126-4DE0-AE6E-BCFD068ABA6A}"
EndProject
Global
	GlobalSection(SolutionConfigurationPlatforms) = preSolution
		Debug|Any CPU = Debug|Any CPU
		Release|Any CPU = Release|Any CPU
	EndGlobalSection
	GlobalSection(ProjectConfigurationPlatforms) = postSolution
		{B688CAA7-C126-4DE0-AE6E-BCFD068ABA6A}.Debug|Any CPU.ActiveCfg = Debug|Any CPU
		{B688CAA7-C126-4DE0-AE6E-BCFD068ABA6A}.Debug|Any CPU.Build.0 = Debug|Any CPU
		{B688CAA7-C126-4DE0-AE6E-BCFD068ABA6A}.Release|Any CPU.ActiveCfg = Release|Any CPU
		{B688CAA7-C126-4DE0-AE6E-BCFD068ABA6A}.Release|Any CPU.Build.0 = Release|Any CPU
	EndGlobalSection
	GlobalSection(SolutionProperties) = preSolution
		HideSolutionNode = FALSE
	EndGlobalSection
	GlobalSection(ExtensibilityGlobals) = postSolution
		SolutionGuid = {86C3D7EE-5135-4F17-86CA-35B57AC52E1E}
	EndGlobalSection
EndGlobal
