
Microsoft Visual Studio Solution File, Format Version 12.00
# Visual Studio 15
VisualStudioVersion = 15.0.27703.2026
MinimumVisualStudioVersion = 10.0.40219.1
Project("{FAE04EC0-301F-11D3-BF4B-00C04F79EFBC}") = "Day4", "Day4\Day4.csproj", "{40863FDC-9ECB-46E6-B51A-184644525DD3}"
EndProject
Global
	GlobalSection(SolutionConfigurationPlatforms) = preSolution
		Debug|Any CPU = Debug|Any CPU
		Release|Any CPU = Release|Any CPU
	EndGlobalSection
	GlobalSection(ProjectConfigurationPlatforms) = postSolution
		{40863FDC-9ECB-46E6-B51A-184644525DD3}.Debug|Any CPU.ActiveCfg = Debug|Any CPU
		{40863FDC-9ECB-46E6-B51A-184644525DD3}.Debug|Any CPU.Build.0 = Debug|Any CPU
		{40863FDC-9ECB-46E6-B51A-184644525DD3}.Release|Any CPU.ActiveCfg = Release|Any CPU
		{40863FDC-9ECB-46E6-B51A-184644525DD3}.Release|Any CPU.Build.0 = Release|Any CPU
	EndGlobalSection
	GlobalSection(SolutionProperties) = preSolution
		HideSolutionNode = FALSE
	EndGlobalSection
	GlobalSection(ExtensibilityGlobals) = postSolution
		SolutionGuid = {61F97C0C-7FA4-4A20-93D7-679CF8AE5733}
	EndGlobalSection
EndGlobal
