
Microsoft Visual Studio Solution File, Format Version 12.00
# Visual Studio 15
VisualStudioVersion = 15.0.27703.2018
MinimumVisualStudioVersion = 10.0.40219.1
Project("{FAE04EC0-301F-11D3-BF4B-00C04F79EFBC}") = "BirthdayCakeDay4", "BirthdayCakeDay4\BirthdayCakeDay4.csproj", "{EB87F680-AC55-4F4A-B250-AF38FF22032C}"
EndProject
Global
	GlobalSection(SolutionConfigurationPlatforms) = preSolution
		Debug|Any CPU = Debug|Any CPU
		Release|Any CPU = Release|Any CPU
	EndGlobalSection
	GlobalSection(ProjectConfigurationPlatforms) = postSolution
		{EB87F680-AC55-4F4A-B250-AF38FF22032C}.Debug|Any CPU.ActiveCfg = Debug|Any CPU
		{EB87F680-AC55-4F4A-B250-AF38FF22032C}.Debug|Any CPU.Build.0 = Debug|Any CPU
		{EB87F680-AC55-4F4A-B250-AF38FF22032C}.Release|Any CPU.ActiveCfg = Release|Any CPU
		{EB87F680-AC55-4F4A-B250-AF38FF22032C}.Release|Any CPU.Build.0 = Release|Any CPU
	EndGlobalSection
	GlobalSection(SolutionProperties) = preSolution
		HideSolutionNode = FALSE
	EndGlobalSection
	GlobalSection(ExtensibilityGlobals) = postSolution
		SolutionGuid = {95428EA7-62F0-4448-AE3E-5566A7895A80}
	EndGlobalSection
EndGlobal
