
Microsoft Visual Studio Solution File, Format Version 12.00
# Visual Studio 15
VisualStudioVersion = 15.0.27703.2026
MinimumVisualStudioVersion = 10.0.40219.1
Project("{FAE04EC0-301F-11D3-BF4B-00C04F79EFBC}") = "RomanNumeral - Day4", "RomanNumeral - Day4\RomanNumeral - Day4.csproj", "{C74A0DFD-B1D2-4CBF-B908-EB2CE18CDA3E}"
EndProject
Global
	GlobalSection(SolutionConfigurationPlatforms) = preSolution
		Debug|Any CPU = Debug|Any CPU
		Release|Any CPU = Release|Any CPU
	EndGlobalSection
	GlobalSection(ProjectConfigurationPlatforms) = postSolution
		{C74A0DFD-B1D2-4CBF-B908-EB2CE18CDA3E}.Debug|Any CPU.ActiveCfg = Debug|Any CPU
		{C74A0DFD-B1D2-4CBF-B908-EB2CE18CDA3E}.Debug|Any CPU.Build.0 = Debug|Any CPU
		{C74A0DFD-B1D2-4CBF-B908-EB2CE18CDA3E}.Release|Any CPU.ActiveCfg = Release|Any CPU
		{C74A0DFD-B1D2-4CBF-B908-EB2CE18CDA3E}.Release|Any CPU.Build.0 = Release|Any CPU
	EndGlobalSection
	GlobalSection(SolutionProperties) = preSolution
		HideSolutionNode = FALSE
	EndGlobalSection
	GlobalSection(ExtensibilityGlobals) = postSolution
		SolutionGuid = {0ED4C0C7-7EC3-4754-8DA2-03BF245DB916}
	EndGlobalSection
EndGlobal
